Microsoft Visual Studio Solution File, Format Version 12.00
# Visual Studio 2013
VisualStudioVersion = 12.0.31101.0
MinimumVisualStudioVersion = 10.0.40219.1
Project("{2150E333-8FDC-42A3-9474-1A3956D46DE8}") = ".paket", ".paket", "{63297B98-5CED-492C-A5B7-A5B4F73CF142}"
	ProjectSection(SolutionItems) = preProject
		paket.dependencies = paket.dependencies
	EndProjectSection
EndProject
Project("{F2A71F9B-5D33-465A-A702-920D77279786}") = "BloombergProvider.Runtime", "src\BloombergProvider.Runtime\BloombergProvider.Runtime.fsproj", "{41BB04BF-7621-478C-9344-466FD89CC71B}"
EndProject
Project("{F2A71F9B-5D33-465A-A702-920D77279786}") = "BloombergProvider.DesignTime", "src\BloombergProvider.DesignTime\BloombergProvider.DesignTime.fsproj", "{ECF3C4BF-862B-46F4-8B5D-6244C7B1BDEC}"
EndProject
Global
	GlobalSection(SolutionConfigurationPlatforms) = preSolution
		Debug|Any CPU = Debug|Any CPU
		Release|Any CPU = Release|Any CPU
	EndGlobalSection
	GlobalSection(ProjectConfigurationPlatforms) = postSolution
		{41BB04BF-7621-478C-9344-466FD89CC71B}.Debug|Any CPU.ActiveCfg = Debug|Any CPU
		{41BB04BF-7621-478C-9344-466FD89CC71B}.Debug|Any CPU.Build.0 = Debug|Any CPU
		{41BB04BF-7621-478C-9344-466FD89CC71B}.Release|Any CPU.ActiveCfg = Release|Any CPU
		{41BB04BF-7621-478C-9344-466FD89CC71B}.Release|Any CPU.Build.0 = Release|Any CPU
		{ECF3C4BF-862B-46F4-8B5D-6244C7B1BDEC}.Debug|Any CPU.ActiveCfg = Debug|Any CPU
		{ECF3C4BF-862B-46F4-8B5D-6244C7B1BDEC}.Debug|Any CPU.Build.0 = Debug|Any CPU
		{ECF3C4BF-862B-46F4-8B5D-6244C7B1BDEC}.Release|Any CPU.ActiveCfg = Release|Any CPU
		{ECF3C4BF-862B-46F4-8B5D-6244C7B1BDEC}.Release|Any CPU.Build.0 = Release|Any CPU
	EndGlobalSection
	GlobalSection(SolutionProperties) = preSolution
		HideSolutionNode = FALSE
	EndGlobalSection
EndGlobal
