Microsoft Visual Studio Solution File, Format Version 12.00
# Visual Studio 2013
VisualStudioVersion = 12.0.31101.0
MinimumVisualStudioVersion = 10.0.40219.1
Project("{2150E333-8FDC-42A3-9474-1A3956D46DE8}") = ".paket", ".paket", "{63297B98-5CED-492C-A5B7-A5B4F73CF142}"
	ProjectSection(SolutionItems) = preProject
		paket.dependencies = paket.dependencies
	EndProjectSection
EndProject
Project("{2150E333-8FDC-42A3-9474-1A3956D46DE8}") = "tests", "tests", "{ED8079DD-2B06-4030-9F0F-DC548F98E1C4}"
EndProject
Project("{F2A71F9B-5D33-465A-A702-920D77279786}") = "BloombergProvider.Tests", "tests\BloombergProvider.Tests\BloombergProvider.Tests.fsproj", "{3373E7FE-A5C6-43F1-8D49-6293ACA22DE6}"
EndProject
Global
	GlobalSection(SolutionConfigurationPlatforms) = preSolution
		Debug|Any CPU = Debug|Any CPU
		Release|Any CPU = Release|Any CPU
	EndGlobalSection
	GlobalSection(ProjectConfigurationPlatforms) = postSolution
		{3373E7FE-A5C6-43F1-8D49-6293ACA22DE6}.Debug|Any CPU.ActiveCfg = Debug|Any CPU
		{3373E7FE-A5C6-43F1-8D49-6293ACA22DE6}.Debug|Any CPU.Build.0 = Debug|Any CPU
		{3373E7FE-A5C6-43F1-8D49-6293ACA22DE6}.Release|Any CPU.ActiveCfg = Release|Any CPU
		{3373E7FE-A5C6-43F1-8D49-6293ACA22DE6}.Release|Any CPU.Build.0 = Release|Any CPU
	EndGlobalSection
	GlobalSection(SolutionProperties) = preSolution
		HideSolutionNode = FALSE
	EndGlobalSection
	GlobalSection(NestedProjects) = preSolution
		{3373E7FE-A5C6-43F1-8D49-6293ACA22DE6} = {ED8079DD-2B06-4030-9F0F-DC548F98E1C4}
	EndGlobalSection
EndGlobal
